hash: aaca47808cbcdd3fda306c435cb2f0803caf0e990b6f910db558609dca8a7422
updated: 2018-07-23T21:23:47.516223711-07:00
imports:
- name: github.com/containernetworking/cni
  version: 5c3c17164270150467498a32c71436c7cd5501be
  subpackages:
  - pkg/invoke
  - pkg/ip
  - pkg/ipam
  - pkg/ns
  - pkg/skel
  - pkg/types
- name: github.com/coreos/go-iptables
  version: fbb73372b87f6e89951c2b6b31470c2c9d5cfae3
  subpackages:
  - iptables
- name: github.com/vishvananda/netlink
  version: ecf47fd5739b3d2c3daf7c89c4b9715a2605c21b
  subpackages:
  - nl
- name: golang.org/x/sys
  version: 076b546753157f758b316e59bcb51e6807c04057
  subpackages:
  - unix
testImports: []
